
Microsoft Visual Studio Solution File, Format Version 12.00
# Visual Studio Version 16
VisualStudioVersion = 16.0.28705.295
MinimumVisualStudioVersion = 10.0.40219.1
Project("{FAE04EC0-301F-11D3-BF4B-00C04F79EFBC}") = "DreidelChallenge", "DreidelChallenge\DreidelChallenge.csproj", "{E6207D32-5BCD-4FEF-A81B-1D1085FF35BB}"
EndProject
Global
	GlobalSection(SolutionConfigurationPlatforms) = preSolution
		Debug|Any CPU = Debug|Any CPU
		Release|Any CPU = Release|Any CPU
	EndGlobalSection
	GlobalSection(ProjectConfigurationPlatforms) = postSolution
		{E6207D32-5BCD-4FEF-A81B-1D1085FF35BB}.Debug|Any CPU.ActiveCfg = Debug|Any CPU
		{E6207D32-5BCD-4FEF-A81B-1D1085FF35BB}.Debug|Any CPU.Build.0 = Debug|Any CPU
		{E6207D32-5BCD-4FEF-A81B-1D1085FF35BB}.Release|Any CPU.ActiveCfg = Release|Any CPU
		{E6207D32-5BCD-4FEF-A81B-1D1085FF35BB}.Release|Any CPU.Build.0 = Release|Any CPU
	EndGlobalSection
	GlobalSection(SolutionProperties) = preSolution
		HideSolutionNode = FALSE
	EndGlobalSection
	GlobalSection(ExtensibilityGlobals) = postSolution
		SolutionGuid = {22021F1B-B1B8-4497-B3D4-933C8CE38B86}
	EndGlobalSection
EndGlobal
